
Microsoft Visual Studio Solution File, Format Version 12.00
# Visual Studio Version 16
VisualStudioVersion = 16.0.30907.101
MinimumVisualStudioVersion = 10.0.40219.1
Project("{FAE04EC0-301F-11D3-BF4B-00C04F79EFBC}") = "FindMedianSortedArrays", "FindMedianSortedArrays.csproj", "{A2472BAA-69A8-43DC-A0ED-768C226FE7AD}"
EndProject
Global
	GlobalSection(SolutionConfigurationPlatforms) = preSolution
		Debug|Any CPU = Debug|Any CPU
		Release|Any CPU = Release|Any CPU
	EndGlobalSection
	GlobalSection(ProjectConfigurationPlatforms) = postSolution
		{A2472BAA-69A8-43DC-A0ED-768C226FE7AD}.Debug|Any CPU.ActiveCfg = Debug|Any CPU
		{A2472BAA-69A8-43DC-A0ED-768C226FE7AD}.Debug|Any CPU.Build.0 = Debug|Any CPU
		{A2472BAA-69A8-43DC-A0ED-768C226FE7AD}.Release|Any CPU.ActiveCfg = Release|Any CPU
		{A2472BAA-69A8-43DC-A0ED-768C226FE7AD}.Release|Any CPU.Build.0 = Release|Any CPU
	EndGlobalSection
	GlobalSection(SolutionProperties) = preSolution
		HideSolutionNode = FALSE
	EndGlobalSection
	GlobalSection(ExtensibilityGlobals) = postSolution
		SolutionGuid = {92C73100-D2F4-417C-9FF7-504F81B826C6}
	EndGlobalSection
EndGlobal
